
Microsoft Visual Studio Solution File, Format Version 12.00
# Visual Studio 15
VisualStudioVersion = 15.0.28307.421
MinimumVisualStudioVersion = 10.0.40219.1
Project("{E24C65DC-7377-472B-9ABA-BC803B73C61A}") = "Login", "Login\", "{F0EA3C1E-641F-4500-8D18-86C9B2C88C87}"
	ProjectSection(WebsiteProperties) = preProject
		TargetFrameworkMoniker = ".NETFramework,Version%3Dv4.6.1"
		Debug.AspNetCompiler.VirtualPath = "/localhost_51198"
		Debug.AspNetCompiler.PhysicalPath = "Login\"
		Debug.AspNetCompiler.TargetPath = "PrecompiledWeb\localhost_51198\"
		Debug.AspNetCompiler.Updateable = "true"
		Debug.AspNetCompiler.ForceOverwrite = "true"
		Debug.AspNetCompiler.FixedNames = "false"
		Debug.AspNetCompiler.Debug = "True"
		Release.AspNetCompiler.VirtualPath = "/localhost_51198"
		Release.AspNetCompiler.PhysicalPath = "Login\"
		Release.AspNetCompiler.TargetPath = "PrecompiledWeb\localhost_51198\"
		Release.AspNetCompiler.Updateable = "true"
		Release.AspNetCompiler.ForceOverwrite = "true"
		Release.AspNetCompiler.FixedNames = "false"
		Release.AspNetCompiler.Debug = "False"
		VWDPort = "51198"
		SlnRelativePath = "Login\"
		DefaultWebSiteLanguage = "Visual C#"
	EndProjectSection
EndProject
Global
	GlobalSection(SolutionConfigurationPlatforms) = preSolution
		Debug|Any CPU = Debug|Any CPU
	EndGlobalSection
	GlobalSection(ProjectConfigurationPlatforms) = postSolution
		{F0EA3C1E-641F-4500-8D18-86C9B2C88C87}.Debug|Any CPU.ActiveCfg = Debug|Any CPU
		{F0EA3C1E-641F-4500-8D18-86C9B2C88C87}.Debug|Any CPU.Build.0 = Debug|Any CPU
	EndGlobalSection
	GlobalSection(SolutionProperties) = preSolution
		HideSolutionNode = FALSE
	EndGlobalSection
	GlobalSection(ExtensibilityGlobals) = postSolution
		SolutionGuid = {E9C21B75-B836-43F7-AA3C-A429DD469F64}
	EndGlobalSection
EndGlobal
